{
  "name": "tiptap",
  "version": "2.12.0",
  "lockfileVersion": 3,
  "requires": true,
  "packages": {
    "": {
      "name": "tiptap",
      "version": "2.12.0",
      "dependencies": {
        "@tiptap/core": "^2.12.0",
        "@tiptap/extension-highlight": "^2.12.0",
        "@tiptap/extension-image": "^2.12.0",
        "@tiptap/extension-link": "^2.12.0",
        "@tiptap/extension-placeholder": "^2.26.1",
        "@tiptap/extension-text-align": "^2.12.0",
        "@tiptap/extension-youtube": "^2.12.0",
        "@tiptap/starter-kit": "^2.12.0"
      }
    },
    "node_modules/@remirror/core-constants": {
      "version": "3.0.0",
      "resolved": "https://registry.npmjs.org/@remirror/core-constants/-/core-constants-3.0.0.tgz",
      "integrity": "sha512-42aWfPrimMfDKDi4YegyS7x+/0tlzaqwPQCULLanv3DMIlu96KTJR0fM5isWX2UViOqlGnX6YFgqWepcX+XMNg==",
      "license": "MIT"
    },
    "node_modules/@tiptap/core": {
      "version": "2.26.1",
      "resolved": "https://registry.npmjs.org/@tiptap/core/-/core-2.26.1.tgz",
      "integrity": "sha512-fymyd/XZvYiHjBoLt1gxs024xP/LY26d43R1vluYq7AHBL/7DE3ywzy+1GEsGyAv5Je2L0KBhNIR/izbq3Kaqg==",
      "license": "MIT",
      "funding": {
        "type": "github",
        "url": "https://github.com/sponsors/ueberdosis"
      },
      "peerDependencies": {
        "@tiptap/pm": "^2.7.0"
      }
    },
    "node_modules/@tiptap/extension-blockquote": {
      "version": "2.26.1",
      "resolved": "https://registry.npmjs.org/@tiptap/extension-blockquote/-/extension-blockquote-2.26.1.tgz",
      "integrity": "sha512-viQ6AHRhjCYYipKK6ZepBzwZpkuMvO9yhRHeUZDvlSOAh8rvsUTSre0y74nu8QRYUt4a44lJJ6BpphJK7bEgYA==",
      "license": "MIT",
      "funding": {
        "type": "github",
        "url": "https://github.com/sponsors/ueberdosis"
      },
      "peerDependencies": {
        "@tiptap/core": "^2.7.0"
      }
    },
    "node_modules/@tiptap/extension-bold": {
      "version": "2.26.1",
      "resolved": "https://registry.npmjs.org/@tiptap/extension-bold/-/extension-bold-2.26.1.tgz",
      "integrity": "sha512-zCce9PRuTNhadFir71luLo99HERDpGJ0EEflGm7RN8I1SnNi9gD5ooK42BOIQtejGCJqg3hTPZiYDJC2hXvckQ==",
      "license": "MIT",
      "funding": {
        "type": "github",
        "url": "https://github.com/sponsors/ueberdosis"
      },
      "peerDependencies": {
        "@tiptap/core": "^2.7.0"
      }
    },
    "node_modules/@tiptap/extension-bullet-list": {
      "version": "2.26.1",
      "resolved": "https://registry.npmjs.org/@tiptap/extension-bullet-list/-/extension-bullet-list-2.26.1.tgz",
      "integrity": "sha512-HHakuV4ckYCDOnBbne088FvCEP4YICw+wgPBz/V2dfpiFYQ4WzT0LPK9s7OFMCN+ROraoug+1ryN1Z1KdIgujQ==",
      "license": "MIT",
      "funding": {
        "type": "github",
        "url": "https://github.com/sponsors/ueberdosis"
      },
      "peerDependencies": {
        "@tiptap/core": "^2.7.0"
      }
    },
    "node_modules/@tiptap/extension-code": {
      "version": "2.26.1",
      "resolved": "https://registry.npmjs.org/@tiptap/extension-code/-/extension-code-2.26.1.tgz",
      "integrity": "sha512-GU9deB1A/Tr4FMPu71CvlcjGKwRhGYz60wQ8m4aM+ELZcVIcZRa1ebR8bExRIEWnvRztQuyRiCQzw2N0xQJ1QQ==",
      "license": "MIT",
      "funding": {
        "type": "github",
        "url": "https://github.com/sponsors/ueberdosis"
      },
      "peerDependencies": {
        "@tiptap/core": "^2.7.0"
      }
    },
    "node_modules/@tiptap/extension-code-block": {
      "version": "2.26.1",
      "resolved": "https://registry.npmjs.org/@tiptap/extension-code-block/-/extension-code-block-2.26.1.tgz",
      "integrity": "sha512-/TDDOwONl0qEUc4+B6V9NnWtSjz95eg7/8uCb8Y8iRbGvI9vT4/znRKofFxstvKmW4URu/H74/g0ywV57h0B+A==",
      "license": "MIT",
      "funding": {
        "type": "github",
        "url": "https://github.com/sponsors/ueberdosis"
      },
      "peerDependencies": {
        "@tiptap/core": "^2.7.0",
        "@tiptap/pm": "^2.7.0"
      }
    },
    "node_modules/@tiptap/extension-document": {
      "version": "2.26.1",
      "resolved": "https://registry.npmjs.org/@tiptap/extension-document/-/extension-document-2.26.1.tgz",
      "integrity": "sha512-2P2IZp1NRAE+21mRuFBiP3X2WKfZ6kUC23NJKpn8bcOamY3obYqCt0ltGPhE4eR8n8QAl2fI/3jIgjR07dC8ow==",
      "license": "MIT",
      "funding": {
        "type": "github",
        "url": "https://github.com/sponsors/ueberdosis"
      },
      "peerDependencies": {
        "@tiptap/core": "^2.7.0"
      }
    },
    "node_modules/@tiptap/extension-dropcursor": {
      "version": "2.26.1",
      "resolved": "https://registry.npmjs.org/@tiptap/extension-dropcursor/-/extension-dropcursor-2.26.1.tgz",
      "integrity": "sha512-JkDQU2ZYFOuT5mNYb8OiWGwD1HcjbtmX8tLNugQbToECmz9WvVPqJmn7V/q8VGpP81iEECz/IsyRmuf2kSD4uA==",
      "license": "MIT",
      "funding": {
        "type": "github",
        "url": "https://github.com/sponsors/ueberdosis"
      },
      "peerDependencies": {
        "@tiptap/core": "^2.7.0",
        "@tiptap/pm": "^2.7.0"
      }
    },
    "node_modules/@tiptap/extension-gapcursor": {
      "version": "2.26.1",
      "resolved": "https://registry.npmjs.org/@tiptap/extension-gapcursor/-/extension-gapcursor-2.26.1.tgz",
      "integrity": "sha512-KOiMZc3PwJS3hR0nSq5d0TJi2jkNZkLZElcT6pCEnhRHzPH6dRMu9GM5Jj798ZRUy0T9UFcKJalFZaDxnmRnpg==",
      "license": "MIT",
      "funding": {
        "type": "github",
        "url": "https://github.com/sponsors/ueberdosis"
      },
      "peerDependencies": {
        "@tiptap/core": "^2.7.0",
        "@tiptap/pm": "^2.7.0"
      }
    },
    "node_modules/@tiptap/extension-hard-break": {
      "version": "2.26.1",
      "resolved": "https://registry.npmjs.org/@tiptap/extension-hard-break/-/extension-hard-break-2.26.1.tgz",
      "integrity": "sha512-d6uStdNKi8kjPlHAyO59M6KGWATNwhLCD7dng0NXfwGndc22fthzIk/6j9F6ltQx30huy5qQram6j3JXwNACoA==",
      "license": "MIT",
      "funding": {
        "type": "github",
        "url": "https://github.com/sponsors/ueberdosis"
      },
      "peerDependencies": {
        "@tiptap/core": "^2.7.0"
      }
    },
    "node_modules/@tiptap/extension-heading": {
      "version": "2.26.1",
      "resolved": "https://registry.npmjs.org/@tiptap/extension-heading/-/extension-heading-2.26.1.tgz",
      "integrity": "sha512-KSzL8WZV3pjJG9ke4RaU70+B5UlYR2S6olNt5UCAawM+fi11mobVztiBoC19xtpSVqIXC1AmXOqUgnuSvmE4ZA==",
      "license": "MIT",
      "funding": {
        "type": "github",
        "url": "https://github.com/sponsors/ueberdosis"
      },
      "peerDependencies": {
        "@tiptap/core": "^2.7.0"
      }
    },
    "node_modules/@tiptap/extension-highlight": {
      "version": "2.26.1",
      "resolved": "https://registry.npmjs.org/@tiptap/extension-highlight/-/extension-highlight-2.26.1.tgz",
      "integrity": "sha512-9eW2UqDqeAKSDIiL6SqcPSDCQAdU5qQmRMsJlShOM7Fu1aU71b1ewhUP9YioUCanciR99tqNsk/n3LAe0w5XdA==",
      "license": "MIT",
      "funding": {
        "type": "github",
        "url": "https://github.com/sponsors/ueberdosis"
      },
      "peerDependencies": {
        "@tiptap/core": "^2.7.0"
      }
    },
    "node_modules/@tiptap/extension-history": {
      "version": "2.26.1",
      "resolved": "https://registry.npmjs.org/@tiptap/extension-history/-/extension-history-2.26.1.tgz",
      "integrity": "sha512-m6YR1gkkauIDo3PRl0gP+7Oc4n5OqDzcjVh6LvWREmZP8nmi94hfseYbqOXUb6RPHIc0JKF02eiRifT4MSd2nw==",
      "license": "MIT",
      "funding": {
        "type": "github",
        "url": "https://github.com/sponsors/ueberdosis"
      },
      "peerDependencies": {
        "@tiptap/core": "^2.7.0",
        "@tiptap/pm": "^2.7.0"
      }
    },
    "node_modules/@tiptap/extension-horizontal-rule": {
      "version": "2.26.1",
      "resolved": "https://registry.npmjs.org/@tiptap/extension-horizontal-rule/-/extension-horizontal-rule-2.26.1.tgz",
      "integrity": "sha512-mT6baqOhs/NakgrAeDeed194E/ZJFGL692H0C7f1N7WDRaWxUu2oR0LrnRqSH5OyPjELkzu6nQnNy0+0tFGHHg==",
      "license": "MIT",
      "funding": {
        "type": "github",
        "url": "https://github.com/sponsors/ueberdosis"
      },
      "peerDependencies": {
        "@tiptap/core": "^2.7.0",
        "@tiptap/pm": "^2.7.0"
      }
    },
    "node_modules/@tiptap/extension-image": {
      "version": "2.26.1",
      "resolved": "https://registry.npmjs.org/@tiptap/extension-image/-/extension-image-2.26.1.tgz",
      "integrity": "sha512-96+MaYBJebQlR/ik5W72GLUfXdEoxFs+6jsoERxbM5qEdhb7TEnodBFtWZOwgDO27kFd6rSNZuW9r5KJNtljEg==",
      "license": "MIT",
      "funding": {
        "type": "github",
        "url": "https://github.com/sponsors/ueberdosis"
      },
      "peerDependencies": {
        "@tiptap/core": "^2.7.0"
      }
    },
    "node_modules/@tiptap/extension-italic": {
      "version": "2.26.1",
      "resolved": "https://registry.npmjs.org/@tiptap/extension-italic/-/extension-italic-2.26.1.tgz",
      "integrity": "sha512-pOs6oU4LyGO89IrYE4jbE8ZYsPwMMIiKkYfXcfeD9NtpGNBnjeVXXF5I9ndY2ANrCAgC8k58C3/powDRf0T2yA==",
      "license": "MIT",
      "funding": {
        "type": "github",
        "url": "https://github.com/sponsors/ueberdosis"
      },
      "peerDependencies": {
        "@tiptap/core": "^2.7.0"
      }
    },
    "node_modules/@tiptap/extension-link": {
      "version": "2.26.1",
      "resolved": "https://registry.npmjs.org/@tiptap/extension-link/-/extension-link-2.26.1.tgz",
      "integrity": "sha512-7yfum5Jymkue/uOSTQPt2SmkZIdZx7t3QhZLqBU7R9ettkdSCBgEGok6N+scJM1R1Zes+maSckLm0JZw5BKYNA==",
      "license": "MIT",
      "dependencies": {
        "linkifyjs": "^4.2.0"
      },
      "funding": {
        "type": "github",
        "url": "https://github.com/sponsors/ueberdosis"
      },
      "peerDependencies": {
        "@tiptap/core": "^2.7.0",
        "@tiptap/pm": "^2.7.0"
      }
    },
    "node_modules/@tiptap/extension-list-item": {
      "version": "2.26.1",
      "resolved": "https://registry.npmjs.org/@tiptap/extension-list-item/-/extension-list-item-2.26.1.tgz",
      "integrity": "sha512-quOXckC73Luc3x+Dcm88YAEBW+Crh3x5uvtQOQtn2GEG91AshrvbnhGRiYnfvEN7UhWIS+FYI5liHFcRKSUKrQ==",
      "license": "MIT",
      "funding": {
        "type": "github",
        "url": "https://github.com/sponsors/ueberdosis"
      },
      "peerDependencies": {
        "@tiptap/core": "^2.7.0"
      }
    },
    "node_modules/@tiptap/extension-ordered-list": {
      "version": "2.26.1",
      "resolved": "https://registry.npmjs.org/@tiptap/extension-ordered-list/-/extension-ordered-list-2.26.1.tgz",
      "integrity": "sha512-UHKNRxq6TBnXMGFSq91knD6QaHsyyOwLOsXMzupmKM5Su0s+CRXEjfav3qKlbb9e4m7D7S/a0aPm8nC9KIXNhQ==",
      "license": "MIT",
      "funding": {
        "type": "github",
        "url": "https://github.com/sponsors/ueberdosis"
      },
      "peerDependencies": {
        "@tiptap/core": "^2.7.0"
      }
    },
    "node_modules/@tiptap/extension-paragraph": {
      "version": "2.26.1",
      "resolved": "https://registry.npmjs.org/@tiptap/extension-paragraph/-/extension-paragraph-2.26.1.tgz",
      "integrity": "sha512-UezvM9VDRAVJlX1tykgHWSD1g3MKfVMWWZ+Tg+PE4+kizOwoYkRWznVPgCAxjmyHajxpCKRXgqTZkOxjJ9Kjzg==",
      "license": "MIT",
      "funding": {
        "type": "github",
        "url": "https://github.com/sponsors/ueberdosis"
      },
      "peerDependencies": {
        "@tiptap/core": "^2.7.0"
      }
    },
    "node_modules/@tiptap/extension-placeholder": {
      "version": "2.26.1",
      "resolved": "https://registry.npmjs.org/@tiptap/extension-placeholder/-/extension-placeholder-2.26.1.tgz",
      "integrity": "sha512-MBlqbkd+63btY7Qu+SqrXvWjPwooGZDsLTtl7jp52BczBl61cq9yygglt9XpM11TFMBdySgdLHBrLtQ0B7fBlw==",
      "license": "MIT",
      "funding": {
        "type": "github",
        "url": "https://github.com/sponsors/ueberdosis"
      },
      "peerDependencies": {
        "@tiptap/core": "^2.7.0",
        "@tiptap/pm": "^2.7.0"
      }
    },
    "node_modules/@tiptap/extension-strike": {
      "version": "2.26.1",
      "resolved": "https://registry.npmjs.org/@tiptap/extension-strike/-/extension-strike-2.26.1.tgz",
      "integrity": "sha512-CkoRH+pAi6MgdCh7K0cVZl4N2uR4pZdabXAnFSoLZRSg6imLvEUmWHfSi1dl3Z7JOvd3a4yZ4NxerQn5MWbJ7g==",
      "license": "MIT",
      "funding": {
        "type": "github",
        "url": "https://github.com/sponsors/ueberdosis"
      },
      "peerDependencies": {
        "@tiptap/core": "^2.7.0"
      }
    },
    "node_modules/@tiptap/extension-text": {
      "version": "2.26.1",
      "resolved": "https://registry.npmjs.org/@tiptap/extension-text/-/extension-text-2.26.1.tgz",
      "integrity": "sha512-p2n8WVMd/2vckdJlol24acaTDIZAhI7qle5cM75bn01sOEZoFlSw6SwINOULrUCzNJsYb43qrLEibZb4j2LeQw==",
      "license": "MIT",
      "funding": {
        "type": "github",
        "url": "https://github.com/sponsors/ueberdosis"
      },
      "peerDependencies": {
        "@tiptap/core": "^2.7.0"
      }
    },
    "node_modules/@tiptap/extension-text-align": {
      "version": "2.26.1",
      "resolved": "https://registry.npmjs.org/@tiptap/extension-text-align/-/extension-text-align-2.26.1.tgz",
      "integrity": "sha512-x6mpNGELy2QtSPBoQqNgiXO9PjZoB+O2EAfXA9YRiBDSIRNOrw+7vOVpi+IgzswFmhMNgIYUVfQRud4FHUCNew==",
      "license": "MIT",
      "funding": {
        "type": "github",
        "url": "https://github.com/sponsors/ueberdosis"
      },
      "peerDependencies": {
        "@tiptap/core": "^2.7.0"
      }
    },
    "node_modules/@tiptap/extension-text-style": {
      "version": "2.26.1",
      "resolved": "https://registry.npmjs.org/@tiptap/extension-text-style/-/extension-text-style-2.26.1.tgz",
      "integrity": "sha512-t9Nc/UkrbCfnSHEUi1gvUQ2ZPzvfdYFT5TExoV2DTiUCkhG6+mecT5bTVFGW3QkPmbToL+nFhGn4ZRMDD0SP3Q==",
      "license": "MIT",
      "funding": {
        "type": "github",
        "url": "https://github.com/sponsors/ueberdosis"
      },
      "peerDependencies": {
        "@tiptap/core": "^2.7.0"
      }
    },
    "node_modules/@tiptap/extension-youtube": {
      "version": "2.26.1",
      "resolved": "https://registry.npmjs.org/@tiptap/extension-youtube/-/extension-youtube-2.26.1.tgz",
      "integrity": "sha512-AxjF/kSO4R93OLJ+DNCTNNxrYSx4aEB9nnrqa8WAmoFw1+NfKyGMbGYRg2kwBI7Q9g6100hW+85vPo430clHDQ==",
      "license": "MIT",
      "funding": {
        "type": "github",
        "url": "https://github.com/sponsors/ueberdosis"
      },
      "peerDependencies": {
        "@tiptap/core": "^2.7.0"
      }
    },
    "node_modules/@tiptap/pm": {
      "version": "2.26.1",
      "resolved": "https://registry.npmjs.org/@tiptap/pm/-/pm-2.26.1.tgz",
      "integrity": "sha512-8aF+mY/vSHbGFqyG663ds84b+vca5Lge3tHdTMTKazxCnhXR9dn2oQJMnZ78YZvdRbkPkMJJHti9h3K7u2UQvw==",
      "license": "MIT",
      "dependencies": {
        "prosemirror-changeset": "^2.3.0",
        "prosemirror-collab": "^1.3.1",
        "prosemirror-commands": "^1.6.2",
        "prosemirror-dropcursor": "^1.8.1",
        "prosemirror-gapcursor": "^1.3.2",
        "prosemirror-history": "^1.4.1",
        "prosemirror-inputrules": "^1.4.0",
        "prosemirror-keymap": "^1.2.2",
        "prosemirror-markdown": "^1.13.1",
        "prosemirror-menu": "^1.2.4",
        "prosemirror-model": "^1.23.0",
        "prosemirror-schema-basic": "^1.2.3",
        "prosemirror-schema-list": "^1.4.1",
        "prosemirror-state": "^1.4.3",
        "prosemirror-tables": "^1.6.4",
        "prosemirror-trailing-node": "^3.0.0",
        "prosemirror-transform": "^1.10.2",
        "prosemirror-view": "^1.37.0"
      },
      "funding": {
        "type": "github",
        "url": "https://github.com/sponsors/ueberdosis"
      }
    },
    "node_modules/@tiptap/starter-kit": {
      "version": "2.26.1",
      "resolved": "https://registry.npmjs.org/@tiptap/starter-kit/-/starter-kit-2.26.1.tgz",
      "integrity": "sha512-oziMGCds8SVQ3s5dRpBxVdEKZAmO/O//BjZ69mhA3q4vJdR0rnfLb5fTxSeQvHiqB878HBNn76kNaJrHrV35GA==",
      "license": "MIT",
      "dependencies": {
        "@tiptap/core": "^2.26.1",
        "@tiptap/extension-blockquote": "^2.26.1",
        "@tiptap/extension-bold": "^2.26.1",
        "@tiptap/extension-bullet-list": "^2.26.1",
        "@tiptap/extension-code": "^2.26.1",
        "@tiptap/extension-code-block": "^2.26.1",
        "@tiptap/extension-document": "^2.26.1",
        "@tiptap/extension-dropcursor": "^2.26.1",
        "@tiptap/extension-gapcursor": "^2.26.1",
        "@tiptap/extension-hard-break": "^2.26.1",
        "@tiptap/extension-heading": "^2.26.1",
        "@tiptap/extension-history": "^2.26.1",
        "@tiptap/extension-horizontal-rule": "^2.26.1",
        "@tiptap/extension-italic": "^2.26.1",
        "@tiptap/extension-list-item": "^2.26.1",
        "@tiptap/extension-ordered-list": "^2.26.1",
        "@tiptap/extension-paragraph": "^2.26.1",
        "@tiptap/extension-strike": "^2.26.1",
        "@tiptap/extension-text": "^2.26.1",
        "@tiptap/extension-text-style": "^2.26.1",
        "@tiptap/pm": "^2.26.1"
      },
      "funding": {
        "type": "github",
        "url": "https://github.com/sponsors/ueberdosis"
      }
    },
    "node_modules/@types/linkify-it": {
      "version": "5.0.0",
      "resolved": "https://registry.npmjs.org/@types/linkify-it/-/linkify-it-5.0.0.tgz",
      "integrity": "sha512-sVDA58zAw4eWAffKOaQH5/5j3XeayukzDk+ewSsnv3p4yJEZHCCzMDiZM8e0OUrRvmpGZ85jf4yDHkHsgBNr9Q==",
      "license": "MIT"
    },
    "node_modules/@types/markdown-it": {
      "version": "14.1.2",
      "resolved": "https://registry.npmjs.org/@types/markdown-it/-/markdown-it-14.1.2.tgz",
      "integrity": "sha512-promo4eFwuiW+TfGxhi+0x3czqTYJkG8qB17ZUJiVF10Xm7NLVRSLUsfRTU/6h1e24VvRnXCx+hG7li58lkzog==",
      "license": "MIT",
      "dependencies": {
        "@types/linkify-it": "^5",
        "@types/mdurl": "^2"
      }
    },
    "node_modules/@types/mdurl": {
      "version": "2.0.0",
      "resolved": "https://registry.npmjs.org/@types/mdurl/-/mdurl-2.0.0.tgz",
      "integrity": "sha512-RGdgjQUZba5p6QEFAVx2OGb8rQDL/cPRG7GiedRzMcJ1tYnUANBncjbSB1NRGwbvjcPeikRABz2nshyPk1bhWg==",
      "license": "MIT"
    },
    "node_modules/argparse": {
      "version": "2.0.1",
      "resolved": "https://registry.npmjs.org/argparse/-/argparse-2.0.1.tgz",
      "integrity": "sha512-8+9WqebbFzpX9OR+Wa6O29asIogeRMzcGtAINdpMHHyAg10f05aSFVBbcEqGf/PXw1EjAZ+q2/bEBg3DvurK3Q==",
      "license": "Python-2.0"
    },
    "node_modules/crelt": {
      "version": "1.0.6",
      "resolved": "https://registry.npmjs.org/crelt/-/crelt-1.0.6.tgz",
      "integrity": "sha512-VQ2MBenTq1fWZUH9DJNGti7kKv6EeAuYr3cLwxUWhIu1baTaXh4Ib5W2CqHVqib4/MqbYGJqiL3Zb8GJZr3l4g==",
      "license": "MIT"
    },
    "node_modules/entities": {
      "version": "4.5.0",
      "resolved": "https://registry.npmjs.org/entities/-/entities-4.5.0.tgz",
      "integrity": "sha512-V0hjH4dGPh9Ao5p0MoRY6BVqtwCjhz6vI5LT8AJ55H+4g9/4vbHx1I54fS0XuclLhDHArPQCiMjDxjaL8fPxhw==",
      "license": "BSD-2-Clause",
      "engines": {
        "node": ">=0.12"
      },
      "funding": {
        "url": "https://github.com/fb55/entities?sponsor=1"
      }
    },
    "node_modules/escape-string-regexp": {
      "version": "4.0.0",
      "resolved": "https://registry.npmjs.org/escape-string-regexp/-/escape-string-regexp-4.0.0.tgz",
      "integrity": "sha512-TtpcNJ3XAzx3Gq8sWRzJaVajRs0uVxA2YAkdb1jm2YkPz4G6egUFAyA3n5vtEIZefPk5Wa4UXbKuS5fKkJWdgA==",
      "license": "MIT",
      "engines": {
        "node": ">=10"
      },
      "funding": {
        "url": "https://github.com/sponsors/sindresorhus"
      }
    },
    "node_modules/linkify-it": {
      "version": "5.0.0",
      "resolved": "https://registry.npmjs.org/linkify-it/-/linkify-it-5.0.0.tgz",
      "integrity": "sha512-5aHCbzQRADcdP+ATqnDuhhJ/MRIqDkZX5pyjFHRRysS8vZ5AbqGEoFIb6pYHPZ+L/OC2Lc+xT8uHVVR5CAK/wQ==",
      "license": "MIT",
      "dependencies": {
        "uc.micro": "^2.0.0"
      }
    },
    "node_modules/linkifyjs": {
      "version": "4.3.2",
      "resolved": "https://registry.npmjs.org/linkifyjs/-/linkifyjs-4.3.2.tgz",
      "integrity": "sha512-NT1CJtq3hHIreOianA8aSXn6Cw0JzYOuDQbOrSPe7gqFnCpKP++MQe3ODgO3oh2GJFORkAAdqredOa60z63GbA==",
      "license": "MIT"
    },
    "node_modules/markdown-it": {
      "version": "14.1.0",
      "resolved": "https://registry.npmjs.org/markdown-it/-/markdown-it-14.1.0.tgz",
      "integrity": "sha512-a54IwgWPaeBCAAsv13YgmALOF1elABB08FxO9i+r4VFk5Vl4pKokRPeX8u5TCgSsPi6ec1otfLjdOpVcgbpshg==",
      "license": "MIT",
      "dependencies": {
        "argparse": "^2.0.1",
        "entities": "^4.4.0",
        "linkify-it": "^5.0.0",
        "mdurl": "^2.0.0",
        "punycode.js": "^2.3.1",
        "uc.micro": "^2.1.0"
      },
      "bin": {
        "markdown-it": "bin/markdown-it.mjs"
      }
    },
    "node_modules/mdurl": {
      "version": "2.0.0",
      "resolved": "https://registry.npmjs.org/mdurl/-/mdurl-2.0.0.tgz",
      "integrity": "sha512-Lf+9+2r+Tdp5wXDXC4PcIBjTDtq4UKjCPMQhKIuzpJNW0b96kVqSwW0bT7FhRSfmAiFYgP+SCRvdrDozfh0U5w==",
      "license": "MIT"
    },
    "node_modules/orderedmap": {
      "version": "2.1.1",
      "resolved": "https://registry.npmjs.org/orderedmap/-/orderedmap-2.1.1.tgz",
      "integrity": "sha512-TvAWxi0nDe1j/rtMcWcIj94+Ffe6n7zhow33h40SKxmsmozs6dz/e+EajymfoFcHd7sxNn8yHM8839uixMOV6g==",
      "license": "MIT"
    },
    "node_modules/prosemirror-changeset": {
      "version": "2.3.1",
      "resolved": "https://registry.npmjs.org/prosemirror-changeset/-/prosemirror-changeset-2.3.1.tgz",
      "integrity": "sha512-j0kORIBm8ayJNl3zQvD1TTPHJX3g042et6y/KQhZhnPrruO8exkTgG8X+NRpj7kIyMMEx74Xb3DyMIBtO0IKkQ==",
      "license": "MIT",
      "dependencies": {
        "prosemirror-transform": "^1.0.0"
      }
    },
    "node_modules/prosemirror-collab": {
      "version": "1.3.1",
      "resolved": "https://registry.npmjs.org/prosemirror-collab/-/prosemirror-collab-1.3.1.tgz",
      "integrity": "sha512-4SnynYR9TTYaQVXd/ieUvsVV4PDMBzrq2xPUWutHivDuOshZXqQ5rGbZM84HEaXKbLdItse7weMGOUdDVcLKEQ==",
      "license": "MIT",
      "dependencies": {
        "prosemirror-state": "^1.0.0"
      }
    },
    "node_modules/prosemirror-commands": {
      "version": "1.7.1",
      "resolved": "https://registry.npmjs.org/prosemirror-commands/-/prosemirror-commands-1.7.1.tgz",
      "integrity": "sha512-rT7qZnQtx5c0/y/KlYaGvtG411S97UaL6gdp6RIZ23DLHanMYLyfGBV5DtSnZdthQql7W+lEVbpSfwtO8T+L2w==",
      "license": "MIT",
      "dependencies": {
        "prosemirror-model": "^1.0.0",
        "prosemirror-state": "^1.0.0",
        "prosemirror-transform": "^1.10.2"
      }
    },
    "node_modules/prosemirror-dropcursor": {
      "version": "1.8.2",
      "resolved": "https://registry.npmjs.org/prosemirror-dropcursor/-/prosemirror-dropcursor-1.8.2.tgz",
      "integrity": "sha512-CCk6Gyx9+Tt2sbYk5NK0nB1ukHi2ryaRgadV/LvyNuO3ena1payM2z6Cg0vO1ebK8cxbzo41ku2DE5Axj1Zuiw==",
      "license": "MIT",
      "dependencies": {
        "prosemirror-state": "^1.0.0",
        "prosemirror-transform": "^1.1.0",
        "prosemirror-view": "^1.1.0"
      }
    },
    "node_modules/prosemirror-gapcursor": {
      "version": "1.3.2",
      "resolved": "https://registry.npmjs.org/prosemirror-gapcursor/-/prosemirror-gapcursor-1.3.2.tgz",
      "integrity": "sha512-wtjswVBd2vaQRrnYZaBCbyDqr232Ed4p2QPtRIUK5FuqHYKGWkEwl08oQM4Tw7DOR0FsasARV5uJFvMZWxdNxQ==",
      "license": "MIT",
      "dependencies": {
        "prosemirror-keymap": "^1.0.0",
        "prosemirror-model": "^1.0.0",
        "prosemirror-state": "^1.0.0",
        "prosemirror-view": "^1.0.0"
      }
    },
    "node_modules/prosemirror-history": {
      "version": "1.4.1",
      "resolved": "https://registry.npmjs.org/prosemirror-history/-/prosemirror-history-1.4.1.tgz",
      "integrity": "sha512-2JZD8z2JviJrboD9cPuX/Sv/1ChFng+xh2tChQ2X4bB2HeK+rra/bmJ3xGntCcjhOqIzSDG6Id7e8RJ9QPXLEQ==",
      "license": "MIT",
      "dependencies": {
        "prosemirror-state": "^1.2.2",
        "prosemirror-transform": "^1.0.0",
        "prosemirror-view": "^1.31.0",
        "rope-sequence": "^1.3.0"
      }
    },
    "node_modules/prosemirror-inputrules": {
      "version": "1.5.0",
      "resolved": "https://registry.npmjs.org/prosemirror-inputrules/-/prosemirror-inputrules-1.5.0.tgz",
      "integrity": "sha512-K0xJRCmt+uSw7xesnHmcn72yBGTbY45vm8gXI4LZXbx2Z0jwh5aF9xrGQgrVPu0WbyFVFF3E/o9VhJYz6SQWnA==",
      "license": "MIT",
      "dependencies": {
        "prosemirror-state": "^1.0.0",
        "prosemirror-transform": "^1.0.0"
      }
    },
    "node_modules/prosemirror-keymap": {
      "version": "1.2.3",
      "resolved": "https://registry.npmjs.org/prosemirror-keymap/-/prosemirror-keymap-1.2.3.tgz",
      "integrity": "sha512-4HucRlpiLd1IPQQXNqeo81BGtkY8Ai5smHhKW9jjPKRc2wQIxksg7Hl1tTI2IfT2B/LgX6bfYvXxEpJl7aKYKw==",
      "license": "MIT",
      "dependencies": {
        "prosemirror-state": "^1.0.0",
        "w3c-keyname": "^2.2.0"
      }
    },
    "node_modules/prosemirror-markdown": {
      "version": "1.13.2",
      "resolved": "https://registry.npmjs.org/prosemirror-markdown/-/prosemirror-markdown-1.13.2.tgz",
      "integrity": "sha512-FPD9rHPdA9fqzNmIIDhhnYQ6WgNoSWX9StUZ8LEKapaXU9i6XgykaHKhp6XMyXlOWetmaFgGDS/nu/w9/vUc5g==",
      "license": "MIT",
      "dependencies": {
        "@types/markdown-it": "^14.0.0",
        "markdown-it": "^14.0.0",
        "prosemirror-model": "^1.25.0"
      }
    },
    "node_modules/prosemirror-menu": {
      "version": "1.2.5",
      "resolved": "https://registry.npmjs.org/prosemirror-menu/-/prosemirror-menu-1.2.5.tgz",
      "integrity": "sha512-qwXzynnpBIeg1D7BAtjOusR+81xCp53j7iWu/IargiRZqRjGIlQuu1f3jFi+ehrHhWMLoyOQTSRx/IWZJqOYtQ==",
      "license": "MIT",
      "dependencies": {
        "crelt": "^1.0.0",
        "prosemirror-commands": "^1.0.0",
        "prosemirror-history": "^1.0.0",
        "prosemirror-state": "^1.0.0"
      }
    },
    "node_modules/prosemirror-model": {
      "version": "1.25.3",
      "resolved": "https://registry.npmjs.org/prosemirror-model/-/prosemirror-model-1.25.3.tgz",
      "integrity": "sha512-dY2HdaNXlARknJbrManZ1WyUtos+AP97AmvqdOQtWtrrC5g4mohVX5DTi9rXNFSk09eczLq9GuNTtq3EfMeMGA==",
      "license": "MIT",
      "dependencies": {
        "orderedmap": "^2.0.0"
      }
    },
    "node_modules/prosemirror-schema-basic": {
      "version": "1.2.4",
      "resolved": "https://registry.npmjs.org/prosemirror-schema-basic/-/prosemirror-schema-basic-1.2.4.tgz",
      "integrity": "sha512-ELxP4TlX3yr2v5rM7Sb70SqStq5NvI15c0j9j/gjsrO5vaw+fnnpovCLEGIcpeGfifkuqJwl4fon6b+KdrODYQ==",
      "license": "MIT",
      "dependencies": {
        "prosemirror-model": "^1.25.0"
      }
    },
    "node_modules/prosemirror-schema-list": {
      "version": "1.5.1",
      "resolved": "https://registry.npmjs.org/prosemirror-schema-list/-/prosemirror-schema-list-1.5.1.tgz",
      "integrity": "sha512-927lFx/uwyQaGwJxLWCZRkjXG0p48KpMj6ueoYiu4JX05GGuGcgzAy62dfiV8eFZftgyBUvLx76RsMe20fJl+Q==",
      "license": "MIT",
      "dependencies": {
        "prosemirror-model": "^1.0.0",
        "prosemirror-state": "^1.0.0",
        "prosemirror-transform": "^1.7.3"
      }
    },
    "node_modules/prosemirror-state": {
      "version": "1.4.3",
      "resolved": "https://registry.npmjs.org/prosemirror-state/-/prosemirror-state-1.4.3.tgz",
      "integrity": "sha512-goFKORVbvPuAQaXhpbemJFRKJ2aixr+AZMGiquiqKxaucC6hlpHNZHWgz5R7dS4roHiwq9vDctE//CZ++o0W1Q==",
      "license": "MIT",
      "dependencies": {
        "prosemirror-model": "^1.0.0",
        "prosemirror-transform": "^1.0.0",
        "prosemirror-view": "^1.27.0"
      }
    },
    "node_modules/prosemirror-tables": {
      "version": "1.7.1",
      "resolved": "https://registry.npmjs.org/prosemirror-tables/-/prosemirror-tables-1.7.1.tgz",
      "integrity": "sha512-eRQ97Bf+i9Eby99QbyAiyov43iOKgWa7QCGly+lrDt7efZ1v8NWolhXiB43hSDGIXT1UXgbs4KJN3a06FGpr1Q==",
      "license": "MIT",
      "dependencies": {
        "prosemirror-keymap": "^1.2.2",
        "prosemirror-model": "^1.25.0",
        "prosemirror-state": "^1.4.3",
        "prosemirror-transform": "^1.10.3",
        "prosemirror-view": "^1.39.1"
      }
    },
    "node_modules/prosemirror-trailing-node": {
      "version": "3.0.0",
      "resolved": "https://registry.npmjs.org/prosemirror-trailing-node/-/prosemirror-trailing-node-3.0.0.tgz",
      "integrity": "sha512-xiun5/3q0w5eRnGYfNlW1uU9W6x5MoFKWwq/0TIRgt09lv7Hcser2QYV8t4muXbEr+Fwo0geYn79Xs4GKywrRQ==",
      "license": "MIT",
      "dependencies": {
        "@remirror/core-constants": "3.0.0",
        "escape-string-regexp": "^4.0.0"
      },
      "peerDependencies": {
        "prosemirror-model": "^1.22.1",
        "prosemirror-state": "^1.4.2",
        "prosemirror-view": "^1.33.8"
      }
    },
    "node_modules/prosemirror-transform": {
      "version": "1.10.4",
      "resolved": "https://registry.npmjs.org/prosemirror-transform/-/prosemirror-transform-1.10.4.tgz",
      "integrity": "sha512-pwDy22nAnGqNR1feOQKHxoFkkUtepoFAd3r2hbEDsnf4wp57kKA36hXsB3njA9FtONBEwSDnDeCiJe+ItD+ykw==",
      "license": "MIT",
      "dependencies": {
        "prosemirror-model": "^1.21.0"
      }
    },
    "node_modules/prosemirror-view": {
      "version": "1.40.1",
      "resolved": "https://registry.npmjs.org/prosemirror-view/-/prosemirror-view-1.40.1.tgz",
      "integrity": "sha512-pbwUjt3G7TlsQQHDiYSupWBhJswpLVB09xXm1YiJPdkjkh9Pe7Y51XdLh5VWIZmROLY8UpUpG03lkdhm9lzIBA==",
      "license": "MIT",
      "dependencies": {
        "prosemirror-model": "^1.20.0",
        "prosemirror-state": "^1.0.0",
        "prosemirror-transform": "^1.1.0"
      }
    },
    "node_modules/punycode.js": {
      "version": "2.3.1",
      "resolved": "https://registry.npmjs.org/punycode.js/-/punycode.js-2.3.1.tgz",
      "integrity": "sha512-uxFIHU0YlHYhDQtV4R9J6a52SLx28BCjT+4ieh7IGbgwVJWO+km431c4yRlREUAsAmt/uMjQUyQHNEPf0M39CA==",
      "license": "MIT",
      "engines": {
        "node": ">=6"
      }
    },
    "node_modules/rope-sequence": {
      "version": "1.3.4",
      "resolved": "https://registry.npmjs.org/rope-sequence/-/rope-sequence-1.3.4.tgz",
      "integrity": "sha512-UT5EDe2cu2E/6O4igUr5PSFs23nvvukicWHx6GnOPlHAiiYbzNuCRQCuiUdHJQcqKalLKlrYJnjY0ySGsXNQXQ==",
      "license": "MIT"
    },
    "node_modules/uc.micro": {
      "version": "2.1.0",
      "resolved": "https://registry.npmjs.org/uc.micro/-/uc.micro-2.1.0.tgz",
      "integrity": "sha512-ARDJmphmdvUk6Glw7y9DQ2bFkKBHwQHLi2lsaH6PPmz/Ka9sFOBsBluozhDltWmnv9u/cF6Rt87znRTPV+yp/A==",
      "license": "MIT"
    },
    "node_modules/w3c-keyname": {
      "version": "2.2.8",
      "resolved": "https://registry.npmjs.org/w3c-keyname/-/w3c-keyname-2.2.8.tgz",
      "integrity": "sha512-dpojBhNsCNN7T82Tm7k26A6G9ML3NkhDsnw9n/eoxSRlVBB4CEtIQ/KTCLI2Fwf3ataSXRhYFkQi3SlnFwPvPQ==",
      "license": "MIT"
    }
  }
}
